
Microsoft Visual Studio Solution File, Format Version 12.00
# Visual Studio Version 16
VisualStudioVersion = 16.0.29102.190
MinimumVisualStudioVersion = 10.0.40219.1
Project("{FAE04EC0-301F-11D3-BF4B-00C04F79EFBC}") = "ChainMethods", "ChainMethods\ChainMethods.csproj", "{55E213BD-AD16-40E3-A894-EA46B77A9480}"
EndProject
Global
	GlobalSection(SolutionConfigurationPlatforms) = preSolution
		Debug|Any CPU = Debug|Any CPU
		Release|Any CPU = Release|Any CPU
	EndGlobalSection
	GlobalSection(ProjectConfigurationPlatforms) = postSolution
		{55E213BD-AD16-40E3-A894-EA46B77A9480}.Debug|Any CPU.ActiveCfg = Debug|Any CPU
		{55E213BD-AD16-40E3-A894-EA46B77A9480}.Debug|Any CPU.Build.0 = Debug|Any CPU
		{55E213BD-AD16-40E3-A894-EA46B77A9480}.Release|Any CPU.ActiveCfg = Release|Any CPU
		{55E213BD-AD16-40E3-A894-EA46B77A9480}.Release|Any CPU.Build.0 = Release|Any CPU
	EndGlobalSection
	GlobalSection(SolutionProperties) = preSolution
		HideSolutionNode = FALSE
	EndGlobalSection
	GlobalSection(ExtensibilityGlobals) = postSolution
		SolutionGuid = {0CD68989-BEAC-46B0-97B5-657506ADC424}
	EndGlobalSection
EndGlobal
